
Microsoft Visual Studio Solution File, Format Version 12.00
# Visual Studio Version 17
VisualStudioVersion = 17.9.34902.65
MinimumVisualStudioVersion = 10.0.40219.1
Project("{FAE04EC0-301F-11D3-BF4B-00C04F79EFBC}") = "lab3", "lab3.csproj", "{BCB333D0-53D9-47D9-A6E5-620D77E3B186}"
EndProject
Global
	GlobalSection(SolutionConfigurationPlatforms) = preSolution
		Debug|Any CPU = Debug|Any CPU
		Release|Any CPU = Release|Any CPU
	EndGlobalSection
	GlobalSection(ProjectConfigurationPlatforms) = postSolution
		{BCB333D0-53D9-47D9-A6E5-620D77E3B186}.Debug|Any CPU.ActiveCfg = Debug|Any CPU
		{BCB333D0-53D9-47D9-A6E5-620D77E3B186}.Debug|Any CPU.Build.0 = Debug|Any CPU
		{BCB333D0-53D9-47D9-A6E5-620D77E3B186}.Release|Any CPU.ActiveCfg = Release|Any CPU
		{BCB333D0-53D9-47D9-A6E5-620D77E3B186}.Release|Any CPU.Build.0 = Release|Any CPU
	EndGlobalSection
	GlobalSection(SolutionProperties) = preSolution
		HideSolutionNode = FALSE
	EndGlobalSection
	GlobalSection(ExtensibilityGlobals) = postSolution
		SolutionGuid = {385CE2AC-02CD-4B30-A9E8-42B0AD5A91E7}
	EndGlobalSection
EndGlobal
